// !$*UTF8*$!
{
	archiveVersion = 1;
	classes = {
	};
	objectVersion = 46;
	objects = {

/* Begin PBXAggregateTarget section */
		C3FB081319034BE500D36C1B /* Documentation */ = {
			isa = PBXAggregateTarget;
			buildConfigurationList = C3FB081619034BE500D36C1B /* Build configuration list for PBXAggregateTarget "Documentation" */;
			buildPhases = (
				C3FB081719034BEF00D36C1B /* ShellScript */,
			);
			dependencies = (
			);
			name = Documentation;
			productName = Documentation;
		};
/* End PBXAggregateTarget section */

/* Begin PBXBuildFile section */
		C306719018FF794F00A3ADDF /* InfoPlist.strings in Resources */ = {isa = PBXBuildFile; fileRef = C306718118FF794F00A3ADDF /* InfoPlist.strings */; };
		C306719118FF794F00A3ADDF /* Images.xcassets in Resources */ = {isa = PBXBuildFile; fileRef = C306718318FF794F00A3ADDF /* Images.xcassets */; };
		C306719218FF794F00A3ADDF /* main.m in Sources */ = {isa = PBXBuildFile; fileRef = C306718418FF794F00A3ADDF /* main.m */; };
		C306719318FF794F00A3ADDF /* TCAppDelegate.m in Sources */ = {isa = PBXBuildFile; fileRef = C306718618FF794F00A3ADDF /* TCAppDelegate.m */; };
		C306719418FF794F00A3ADDF /* TCCopyableLabel.m in Sources */ = {isa = PBXBuildFile; fileRef = C306718918FF794F00A3ADDF /* TCCopyableLabel.m */; };
		C306719618FF794F00A3ADDF /* TCLabelExampleViewController.m in Sources */ = {isa = PBXBuildFile; fileRef = C306718E18FF794F00A3ADDF /* TCLabelExampleViewController.m */; };
		C306719718FF794F00A3ADDF /* TCLabelExampleViewController.xib in Resources */ = {isa = PBXBuildFile; fileRef = C306718F18FF794F00A3ADDF /* TCLabelExampleViewController.xib */; };
		C3CA272B18FA0E1900AFC203 /* Foundation.framework in Frameworks */ = {isa = PBXBuildFile; fileRef = C3CA272A18FA0E1900AFC203 /* Foundation.framework */; };
		C3CA272D18FA0E1900AFC203 /* CoreGraphics.framework in Frameworks */ = {isa = PBXBuildFile; fileRef = C3CA272C18FA0E1900AFC203 /* CoreGraphics.framework */; };
		C3CA272F18FA0E1900AFC203 /* UIKit.framework in Frameworks */ = {isa = PBXBuildFile; fileRef = C3CA272E18FA0E1900AFC203 /* UIKit.framework */; };
/* End PBXBuildFile section */

/* Begin PBXFileReference section */
		C306718218FF794F00A3ADDF /* en */ = {isa = PBXFileReference; lastKnownFileType = text.plist.strings; name = en; path = en.lproj/InfoPlist.strings; sourceTree = "<group>"; };
		C306718318FF794F00A3ADDF /* Images.xcassets */ = {isa = PBXFileReference; lastKnownFileType = folder.assetcatalog; path = Images.xcassets; sourceTree = "<group>"; };
		C306718418FF794F00A3ADDF /* main.m */ = {isa = PBXFileReference; fileEncoding = 4; lastKnownFileType = sourcecode.c.objc; path = main.m; sourceTree = "<group>"; };
		C306718518FF794F00A3ADDF /* TCAppDelegate.h */ = {isa = PBXFileReference; fileEncoding = 4; lastKnownFileType = sourcecode.c.h; path = TCAppDelegate.h; sourceTree = "<group>"; };
		C306718618FF794F00A3ADDF /* TCAppDelegate.m */ = {isa = PBXFileReference; fileEncoding = 4; lastKnownFileType = sourcecode.c.objc; path = TCAppDelegate.m; sourceTree = "<group>"; };
		C306718818FF794F00A3ADDF /* TCCopyableLabel.h */ = {isa = PBXFileReference; fileEncoding = 4; lastKnownFileType = sourcecode.c.h; path = TCCopyableLabel.h; sourceTree = "<group>"; };
		C306718918FF794F00A3ADDF /* TCCopyableLabel.m */ = {isa = PBXFileReference; fileEncoding = 4; lastKnownFileType = sourcecode.c.objc; path = TCCopyableLabel.m; sourceTree = "<group>"; };
		C306718A18FF794F00A3ADDF /* TCCopyableLabel-Info.plist */ = {isa = PBXFileReference; fileEncoding = 4; lastKnownFileType = text.plist.xml; path = "TCCopyableLabel-Info.plist"; sourceTree = "<group>"; };
		C306718B18FF794F00A3ADDF /* TCCopyableLabel-Prefix.pch */ = {isa = PBXFileReference; fileEncoding = 4; lastKnownFileType = sourcecode.c.h; path = "TCCopyableLabel-Prefix.pch"; sourceTree = "<group>"; };
		C306718D18FF794F00A3ADDF /* TCLabelExampleViewController.h */ = {isa = PBXFileReference; fileEncoding = 4; lastKnownFileType = sourcecode.c.h; path = TCLabelExampleViewController.h; sourceTree = "<group>"; };
		C306718E18FF794F00A3ADDF /* TCLabelExampleViewController.m */ = {isa = PBXFileReference; fileEncoding = 4; lastKnownFileType = sourcecode.c.objc; path = TCLabelExampleViewController.m; sourceTree = "<group>"; };
		C306718F18FF794F00A3ADDF /* TCLabelExampleViewController.xib */ = {isa = PBXFileReference; fileEncoding = 4; lastKnownFileType = file.xib; path = TCLabelExampleViewController.xib; sourceTree = "<group>"; };
		C3CA272718FA0E1900AFC203 /* TCCopyableLabel.app */ = {isa = PBXFileReference; explicitFileType = wrapper.application; includeInIndex = 0; path = TCCopyableLabel.app; sourceTree = BUILT_PRODUCTS_DIR; };
		C3CA272A18FA0E1900AFC203 /* Foundation.framework */ = {isa = PBXFileReference; lastKnownFileType = wrapper.framework; name = Foundation.framework; path = System/Library/Frameworks/Foundation.framework; sourceTree = SDKROOT; };
		C3CA272C18FA0E1900AFC203 /* CoreGraphics.framework */ = {isa = PBXFileReference; lastKnownFileType = wrapper.framework; name = CoreGraphics.framework; path = System/Library/Frameworks/CoreGraphics.framework; sourceTree = SDKROOT; };
		C3CA272E18FA0E1900AFC203 /* UIKit.framework */ = {isa = PBXFileReference; lastKnownFileType = wrapper.framework; name = UIKit.framework; path = System/Library/Frameworks/UIKit.framework; sourceTree = SDKROOT; };
		C3CA274318FA0E1900AFC203 /* XCTest.framework */ = {isa = PBXFileReference; lastKnownFileType = wrapper.framework; name = XCTest.framework; path = Library/Frameworks/XCTest.framework; sourceTree = DEVELOPER_DIR; };
/* End PBXFileReference section */

/* Begin PBXFrameworksBuildPhase section */
		C3CA272418FA0E1900AFC203 /* Frameworks */ = {
			isa = PBXFrameworksBuildPhase;
			buildActionMask = 2147483647;
			files = (
				C3CA272D18FA0E1900AFC203 /* CoreGraphics.framework in Frameworks */,
				C3CA272F18FA0E1900AFC203 /* UIKit.framework in Frameworks */,
				C3CA272B18FA0E1900AFC203 /* Foundation.framework in Frameworks */,
			);
			runOnlyForDeploymentPostprocessing = 0;
		};
/* End PBXFrameworksBuildPhase section */

/* Begin PBXGroup section */
		C306718018FF794F00A3ADDF /* TCCopyableLabel */ = {
			isa = PBXGroup;
			children = (
				C306718518FF794F00A3ADDF /* TCAppDelegate.h */,
				C306718618FF794F00A3ADDF /* TCAppDelegate.m */,
				C306718C18FF794F00A3ADDF /* TCLabelViewExample */,
				C306718718FF794F00A3ADDF /* TCCopyableLabel */,
				C306718318FF794F00A3ADDF /* Images.xcassets */,
				C306718418FF794F00A3ADDF /* main.m */,
				C306718B18FF794F00A3ADDF /* TCCopyableLabel-Prefix.pch */,
				C306718118FF794F00A3ADDF /* InfoPlist.strings */,
				C306718A18FF794F00A3ADDF /* TCCopyableLabel-Info.plist */,
			);
			path = TCCopyableLabel;
			sourceTree = "<group>";
		};
		C306718718FF794F00A3ADDF /* TCCopyableLabel */ = {
			isa = PBXGroup;
			children = (
				C306718818FF794F00A3ADDF /* TCCopyableLabel.h */,
				C306718918FF794F00A3ADDF /* TCCopyableLabel.m */,
			);
			path = TCCopyableLabel;
			sourceTree = "<group>";
		};
		C306718C18FF794F00A3ADDF /* TCLabelViewExample */ = {
			isa = PBXGroup;
			children = (
				C306718D18FF794F00A3ADDF /* TCLabelExampleViewController.h */,
				C306718E18FF794F00A3ADDF /* TCLabelExampleViewController.m */,
				C306718F18FF794F00A3ADDF /* TCLabelExampleViewController.xib */,
			);
			path = TCLabelViewExample;
			sourceTree = "<group>";
		};
		C3CA271E18FA0E1900AFC203 = {
			isa = PBXGroup;
			children = (
				C306718018FF794F00A3ADDF /* TCCopyableLabel */,
				C3CA272918FA0E1900AFC203 /* Frameworks */,
				C3CA272818FA0E1900AFC203 /* Products */,
			);
			sourceTree = "<group>";
		};
		C3CA272818FA0E1900AFC203 /* Products */ = {
			isa = PBXGroup;
			children = (
				C3CA272718FA0E1900AFC203 /* TCCopyableLabel.app */,
			);
			name = Products;
			sourceTree = "<group>";
		};
		C3CA272918FA0E1900AFC203 /* Frameworks */ = {
			isa = PBXGroup;
			children = (
				C3CA272A18FA0E1900AFC203 /* Foundation.framework */,
				C3CA272C18FA0E1900AFC203 /* CoreGraphics.framework */,
				C3CA272E18FA0E1900AFC203 /* UIKit.framework */,
				C3CA274318FA0E1900AFC203 /* XCTest.framework */,
			);
			name = Frameworks;
			sourceTree = "<group>";
		};
/* End PBXGroup section */

/* Begin PBXNativeTarget section */
		C3CA272618FA0E1900AFC203 /* TCCopyableLabel */ = {
			isa = PBXNativeTarget;
			buildConfigurationList = C3CA275318FA0E1900AFC203 /* Build configuration list for PBXNativeTarget "TCCopyableLabel" */;
			buildPhases = (
				C3CA272318FA0E1900AFC203 /* Sources */,
				C3CA272418FA0E1900AFC203 /* Frameworks */,
				C3CA272518FA0E1900AFC203 /* Resources */,
			);
			buildRules = (
			);
			dependencies = (
			);
			name = TCCopyableLabel;
			productName = TCLabel;
			productReference = C3CA272718FA0E1900AFC203 /* TCCopyableLabel.app */;
			productType = "com.apple.product-type.application";
		};
/* End PBXNativeTarget section */

/* Begin PBXProject section */
		C3CA271F18FA0E1900AFC203 /* Project object */ = {
			isa = PBXProject;
			attributes = {
				CLASSPREFIX = TC;
				LastUpgradeCheck = 0510;
				ORGANIZATIONNAME = "Thibault Charbonnier";
			};
			buildConfigurationList = C3CA272218FA0E1900AFC203 /* Build configuration list for PBXProject "TCCopyableLabel" */;
			compatibilityVersion = "Xcode 3.2";
			developmentRegion = English;
			hasScannedForEncodings = 0;
			knownRegions = (
				en,
			);
			mainGroup = C3CA271E18FA0E1900AFC203;
			productRefGroup = C3CA272818FA0E1900AFC203 /* Products */;
			projectDirPath = "";
			projectRoot = "";
			targets = (
				C3CA272618FA0E1900AFC203 /* TCCopyableLabel */,
				C3FB081319034BE500D36C1B /* Documentation */,
			);
		};
/* End PBXProject section */

/* Begin PBXResourcesBuildPhase section */
		C3CA272518FA0E1900AFC203 /* Resources */ = {
			isa = PBXResourcesBuildPhase;
			buildActionMask = 2147483647;
			files = (
				C306719018FF794F00A3ADDF /* InfoPlist.strings in Resources */,
				C306719718FF794F00A3ADDF /* TCLabelExampleViewController.xib in Resources */,
				C306719118FF794F00A3ADDF /* Images.xcassets in Resources */,
			);
			runOnlyForDeploymentPostprocessing = 0;
		};
/* End PBXResourcesBuildPhase section */

/* Begin PBXShellScriptBuildPhase section */
		C3FB081719034BEF00D36C1B /* ShellScript */ = {
			isa = PBXShellScriptBuildPhase;
			buildActionMask = 2147483647;
			files = (
			);
			inputPaths = (
			);
			outputPaths = (
			);
			runOnlyForDeploymentPostprocessing = 0;
			shellPath = /bin/sh;
			shellScript = "#appledoc Xcode script\n# Start constants\ncompany=\"thibaultCha\";\ncompanyID=\"com.thibaultcha\";\ncompanyURL=\"http://thibaultcha.me\";\ntarget=\"iphoneos\";\n#target=\"macosx\";\noutputPath=\"${PROJECT_DIR}/Docs\";\n# End constants\n/usr/local/bin/appledoc \\\n--project-name \"${PROJECT_NAME}\" \\\n--project-company \"${company}\" \\\n--company-id \"${companyID}\" \\\n--ignore \".m\" \\\n--ignore Categories \\\n--ignore TCBlobDownloadTests \\\n--docset-feed-url \"${companyURL}/${company}/%DOCSETATOMFILENAME\" \\\n--docset-package-url \"${companyURL}/${company}/%DOCSETPACKAGEFILENAME\" \\\n--docset-fallback-url \"${companyURL}/${company}\" \\\n--docset-platform-family \"${target}\" \\\n--keep-intermediate-files \\\n--keep-undocumented-objects \\\n--keep-undocumented-members \\\n--no-warn-missing-arg \\\n--no-warn-undocumented-object \\\n--no-repeat-first-par \\\n--no-warn-invalid-crossref \\\n--exit-threshold 2 \\\n--output \"${outputPath}\" \\\n\"${PROJECT_DIR}\"\n\nmv \"${outputPath}\"/docset \"${outputPath}\"/TCCopyableLabel.docset;\nzip -9 \"${outputPath}\"/TCCopyableLabel.zip \"${outputPath}\"/TCCopyableLabel.docset -x .DS_STORE;\nrm -rf \"${outputPath}\"/TCCopyableLabel.docset;";
		};
/* End PBXShellScriptBuildPhase section */

/* Begin PBXSourcesBuildPhase section */
		C3CA272318FA0E1900AFC203 /* Sources */ = {
			isa = PBXSourcesBuildPhase;
			buildActionMask = 2147483647;
			files = (
				C306719418FF794F00A3ADDF /* TCCopyableLabel.m in Sources */,
				C306719218FF794F00A3ADDF /* main.m in Sources */,
				C306719318FF794F00A3ADDF /* TCAppDelegate.m in Sources */,
				C306719618FF794F00A3ADDF /* TCLabelExampleViewController.m in Sources */,
			);
			runOnlyForDeploymentPostprocessing = 0;
		};
/* End PBXSourcesBuildPhase section */

/* Begin PBXVariantGroup section */
		C306718118FF794F00A3ADDF /* InfoPlist.strings */ = {
			isa = PBXVariantGroup;
			children = (
				C306718218FF794F00A3ADDF /* en */,
			);
			name = InfoPlist.strings;
			sourceTree = "<group>";
		};
/* End PBXVariantGroup section */

/* Begin XCBuildConfiguration section */
		C3CA275118FA0E1900AFC203 /* Debug */ = {
			isa = XCBuildConfiguration;
			buildSettings = {
				ALWAYS_SEARCH_USER_PATHS = NO;
				CLANG_CXX_LANGUAGE_STANDARD = "gnu++0x";
				CLANG_CXX_LIBRARY = "libc++";
				CLANG_ENABLE_MODULES = YES;
				CLANG_ENABLE_OBJC_ARC = YES;
				CLANG_WARN_BOOL_CONVERSION = YES;
				CLANG_WARN_CONSTANT_CONVERSION = YES;
				CLANG_WARN_DIRECT_OBJC_ISA_USAGE = YES_ERROR;
				CLANG_WARN_EMPTY_BODY = YES;
				CLANG_WARN_ENUM_CONVERSION = YES;
				CLANG_WARN_INT_CONVERSION = YES;
				CLANG_WARN_OBJC_ROOT_CLASS = YES_ERROR;
				CLANG_WARN__DUPLICATE_METHOD_MATCH = YES;
				"CODE_SIGN_IDENTITY[sdk=iphoneos*]" = "iPhone Developer";
				COPY_PHASE_STRIP = NO;
				GCC_C_LANGUAGE_STANDARD = gnu99;
				GCC_DYNAMIC_NO_PIC = NO;
				GCC_OPTIMIZATION_LEVEL = 0;
				GCC_PREPROCESSOR_DEFINITIONS = (
					"DEBUG=1",
					"$(inherited)",
				);
				GCC_SYMBOLS_PRIVATE_EXTERN = NO;
				GCC_WARN_64_TO_32_BIT_CONVERSION = YES;
				GCC_WARN_ABOUT_RETURN_TYPE = YES_ERROR;
				GCC_WARN_UNDECLARED_SELECTOR = YES;
				GCC_WARN_UNINITIALIZED_AUTOS = YES_AGGRESSIVE;
				GCC_WARN_UNUSED_FUNCTION = YES;
				GCC_WARN_UNUSED_VARIABLE = YES;
				IPHONEOS_DEPLOYMENT_TARGET = 6.0;
				ONLY_ACTIVE_ARCH = YES;
				SDKROOT = iphoneos;
			};
			name = Debug;
		};
		C3CA275218FA0E1900AFC203 /* Release */ = {
			isa = XCBuildConfiguration;
			buildSettings = {
				ALWAYS_SEARCH_USER_PATHS = NO;
				CLANG_CXX_LANGUAGE_STANDARD = "gnu++0x";
				CLANG_CXX_LIBRARY = "libc++";
				CLANG_ENABLE_MODULES = YES;
				CLANG_ENABLE_OBJC_ARC = YES;
				CLANG_WARN_BOOL_CONVERSION = YES;
				CLANG_WARN_CONSTANT_CONVERSION = YES;
				CLANG_WARN_DIRECT_OBJC_ISA_USAGE = YES_ERROR;
				CLANG_WARN_EMPTY_BODY = YES;
				CLANG_WARN_ENUM_CONVERSION = YES;
				CLANG_WARN_INT_CONVERSION = YES;
				CLANG_WARN_OBJC_ROOT_CLASS = YES_ERROR;
				CLANG_WARN__DUPLICATE_METHOD_MATCH = YES;
				"CODE_SIGN_IDENTITY[sdk=iphoneos*]" = "iPhone Developer";
				COPY_PHASE_STRIP = YES;
				ENABLE_NS_ASSERTIONS = NO;
				GCC_C_LANGUAGE_STANDARD = gnu99;
				GCC_WARN_64_TO_32_BIT_CONVERSION = YES;
				GCC_WARN_ABOUT_RETURN_TYPE = YES_ERROR;
				GCC_WARN_UNDECLARED_SELECTOR = YES;
				GCC_WARN_UNINITIALIZED_AUTOS = YES_AGGRESSIVE;
				GCC_WARN_UNUSED_FUNCTION = YES;
				GCC_WARN_UNUSED_VARIABLE = YES;
				IPHONEOS_DEPLOYMENT_TARGET = 6.0;
				SDKROOT = iphoneos;
				VALIDATE_PRODUCT = YES;
			};
			name = Release;
		};
		C3CA275418FA0E1900AFC203 /* Debug */ = {
			isa = XCBuildConfiguration;
			buildSettings = {
				ASSETCATALOG_COMPILER_APPICON_NAME = AppIcon;
				ASSETCATALOG_COMPILER_LAUNCHIMAGE_NAME = LaunchImage;
				GCC_PRECOMPILE_PREFIX_HEADER = YES;
				GCC_PREFIX_HEADER = "TCCopyableLabel/TCCopyableLabel-Prefix.pch";
				INFOPLIST_FILE = "TCCopyableLabel/TCCopyableLabel-Info.plist";
				IPHONEOS_DEPLOYMENT_TARGET = 6.0;
				PRODUCT_NAME = TCCopyableLabel;
				WRAPPER_EXTENSION = app;
			};
			name = Debug;
		};
		C3CA275518FA0E1900AFC203 /* Release */ = {
			isa = XCBuildConfiguration;
			buildSettings = {
				ASSETCATALOG_COMPILER_APPICON_NAME = AppIcon;
				ASSETCATALOG_COMPILER_LAUNCHIMAGE_NAME = LaunchImage;
				GCC_PRECOMPILE_PREFIX_HEADER = YES;
				GCC_PREFIX_HEADER = "TCCopyableLabel/TCCopyableLabel-Prefix.pch";
				INFOPLIST_FILE = "TCCopyableLabel/TCCopyableLabel-Info.plist";
				IPHONEOS_DEPLOYMENT_TARGET = 6.0;
				PRODUCT_NAME = TCCopyableLabel;
				WRAPPER_EXTENSION = app;
			};
			name = Release;
		};
		C3FB081419034BE500D36C1B /* Debug */ = {
			isa = XCBuildConfiguration;
			buildSettings = {
				PRODUCT_NAME = "$(TARGET_NAME)";
			};
			name = Debug;
		};
		C3FB081519034BE500D36C1B /* Release */ = {
			isa = XCBuildConfiguration;
			buildSettings = {
				PRODUCT_NAME = "$(TARGET_NAME)";
			};
			name = Release;
		};
/* End XCBuildConfiguration section */

/* Begin XCConfigurationList section */
		C3CA272218FA0E1900AFC203 /* Build configuration list for PBXProject "TCCopyableLabel" */ = {
			isa = XCConfigurationList;
			buildConfigurations = (
				C3CA275118FA0E1900AFC203 /* Debug */,
				C3CA275218FA0E1900AFC203 /* Release */,
			);
			defaultConfigurationIsVisible = 0;
			defaultConfigurationName = Release;
		};
		C3CA275318FA0E1900AFC203 /* Build configuration list for PBXNativeTarget "TCCopyableLabel" */ = {
			isa = XCConfigurationList;
			buildConfigurations = (
				C3CA275418FA0E1900AFC203 /* Debug */,
				C3CA275518FA0E1900AFC203 /* Release */,
			);
			defaultConfigurationIsVisible = 0;
			defaultConfigurationName = Release;
		};
		C3FB081619034BE500D36C1B /* Build configuration list for PBXAggregateTarget "Documentation" */ = {
			isa = XCConfigurationList;
			buildConfigurations = (
				C3FB081419034BE500D36C1B /* Debug */,
				C3FB081519034BE500D36C1B /* Release */,
			);
			defaultConfigurationIsVisible = 0;
		};
/* End XCConfigurationList section */
	};
	rootObject = C3CA271F18FA0E1900AFC203 /* Project object */;
}
